<Solution>
  <Folder Name="/src/">
    <Project Path="src/OpenCdsi.VaxEngine.Core/OpenCdsi.VaxEngine.Core.csproj" />
    <Project Path="src/OpenCdsi.VaxEngine.Contracts/OpenCdsi.VaxEngine.Contracts.csproj" />
    <Project Path="src/OpenCdsi.VaxEngine.Api/OpenCdsi.VaxEngine.Api.csproj" />
    <Project Path="src/OpenCdsi.VaxEngine.Functions/OpenCdsi.VaxEngine.Functions.csproj" />
    <Project Path="src/OpenCdsi.VaxEngine.Demo/OpenCdsi.VaxEngine.Demo.csproj" />
    <Project Path="src/OpenCdsi.Mobile/OpenCdsi.Mobile.csproj" />
  </Folder>
  <Folder Name="/tests/">
    <Project Path="tests/OpenCdsi.VaxEngine.Core.Tests/OpenCdsi.VaxEngine.Core.Tests.csproj" />
    <Project Path="tests/OpenCdsi.VaxEngine.Api.Tests/OpenCdsi.VaxEngine.Api.Tests.csproj" />
    <Project Path="tests/OpenCdsi.VaxEngine.Conformance.Tests/OpenCdsi.VaxEngine.Conformance.Tests.csproj" />
  </Folder>
</Solution>
